PODS:
  - Alamofire (4.8.1)
  - Realm (3.13.1):
    - Realm/Headers (= 3.13.1)
  - Realm/Headers (3.13.1)
  - RealmSwift (3.13.1):
    - Realm (= 3.13.1)
  - RxAtomic (4.4.1)
  - RxCocoa (4.4.1):
    - RxSwift (~> 4.0)
  - RxSwift (4.4.1):
    - RxAtomic (~> 4.4)
  - SVProgressHUD (2.2.5)
  - TableKit (2.8.1)

DEPENDENCIES:
  - Alamofire
  - RealmSwift
  - RxCocoa
  - RxSwift
  - SVProgressHUD
  - TableKit

SPEC REPOS:
  https://github.com/cocoapods/specs.git:
    - Alamofire
    - Realm
    - RealmSwift
    - RxAtomic
    - RxCocoa
    - RxSwift
    - SVProgressHUD
    - TableKit

SPEC CHECKSUMS:
  Alamofire: 16ce2c353fb72865124ddae8a57c5942388f4f11
  Realm: 50071da38fe079e0735e47c9f2eae738c68c5996
  RealmSwift: 8a1e6a02b7a08cd17a31e3115143fb69fe5f3fb9
  RxAtomic: f8d6adc1ccb87a767811269e4875887bc74dbf19
  RxCocoa: 2f35a76bf8887872e28a1914112395b11b8e0e64
  RxSwift: 92fcf68dfef21f3e2ab1965363d9e7b3d787597e
  SVProgressHUD: 1428aafac632c1f86f62aa4243ec12008d7a51d6
  TableKit: 18a0049dea981c1106409bdeebc763ef74d36f02

PODFILE CHECKSUM: c911a23293344b103c322d3b7d5018ce274364c7

COCOAPODS: 1.5.3
